Microsoft Visual Studio Solution File, Format Version 12.00
# Visual Studio 2013
Project("{8BC9CEB8-8B4A-11D0-8D11-00A0C91BC942}") = "ALL_BUILD", "ALL_BUILD.vcxproj", "{1E394330-77E7-390E-B8BD-95FF0C3DC138}"
	ProjectSection(ProjectDependencies) = postProject
		{7AB8F420-7C96-3941-A3A9-CC6C25403B3E} = {7AB8F420-7C96-3941-A3A9-CC6C25403B3E}
		{E3BEBF36-D970-3420-BA3E-060E7365BED8} = {E3BEBF36-D970-3420-BA3E-060E7365BED8}
		{B7D598FD-7463-3A70-8CD5-0A1F7E1AD7F7} = {B7D598FD-7463-3A70-8CD5-0A1F7E1AD7F7}
		{1AB34E56-F267-334D-BF5A-0B5EB65B83ED} = {1AB34E56-F267-334D-BF5A-0B5EB65B83ED}
		{A61D6CBE-F123-3749-99FB-60C9F9ADBA69} = {A61D6CBE-F123-3749-99FB-60C9F9ADBA69}
	EndProjectSection
EndProject
Project("{8BC9CEB8-8B4A-11D0-8D11-00A0C91BC942}") = "INSTALL", "INSTALL.vcxproj", "{207065E8-D6F9-3EBA-B0B8-03C66670EE71}"
	ProjectSection(ProjectDependencies) = postProject
		{1E394330-77E7-390E-B8BD-95FF0C3DC138} = {1E394330-77E7-390E-B8BD-95FF0C3DC138}
		{7AB8F420-7C96-3941-A3A9-CC6C25403B3E} = {7AB8F420-7C96-3941-A3A9-CC6C25403B3E}
	EndProjectSection
EndProject
Project("{8BC9CEB8-8B4A-11D0-8D11-00A0C91BC942}") = "PACKAGE", "PACKAGE.vcxproj", "{9350D409-3137-3074-8060-491BA771AA50}"
	ProjectSection(ProjectDependencies) = postProject
		{1E394330-77E7-390E-B8BD-95FF0C3DC138} = {1E394330-77E7-390E-B8BD-95FF0C3DC138}
		{7AB8F420-7C96-3941-A3A9-CC6C25403B3E} = {7AB8F420-7C96-3941-A3A9-CC6C25403B3E}
	EndProjectSection
EndProject
Project("{8BC9CEB8-8B4A-11D0-8D11-00A0C91BC942}") = "ZERO_CHECK", "..\..\\ZERO_CHECK.vcxproj", "{7AB8F420-7C96-3941-A3A9-CC6C25403B3E}"
	ProjectSection(ProjectDependencies) = postProject
	EndProjectSection
EndProject
Project("{8BC9CEB8-8B4A-11D0-8D11-00A0C91BC942}") = "get-graphics-offsets", "get-graphics-offsets\get-graphics-offsets.vcxproj", "{E3BEBF36-D970-3420-BA3E-060E7365BED8}"
	ProjectSection(ProjectDependencies) = postProject
		{7AB8F420-7C96-3941-A3A9-CC6C25403B3E} = {7AB8F420-7C96-3941-A3A9-CC6C25403B3E}
	EndProjectSection
EndProject
Project("{8BC9CEB8-8B4A-11D0-8D11-00A0C91BC942}") = "graphics-hook", "graphics-hook\graphics-hook.vcxproj", "{B7D598FD-7463-3A70-8CD5-0A1F7E1AD7F7}"
	ProjectSection(ProjectDependencies) = postProject
		{7AB8F420-7C96-3941-A3A9-CC6C25403B3E} = {7AB8F420-7C96-3941-A3A9-CC6C25403B3E}
		{34B8246E-F1AE-3628-8FD1-2EA944A1E492} = {34B8246E-F1AE-3628-8FD1-2EA944A1E492}
	EndProjectSection
EndProject
Project("{8BC9CEB8-8B4A-11D0-8D11-00A0C91BC942}") = "inject-helper", "inject-helper\inject-helper.vcxproj", "{1AB34E56-F267-334D-BF5A-0B5EB65B83ED}"
	ProjectSection(ProjectDependencies) = postProject
		{7AB8F420-7C96-3941-A3A9-CC6C25403B3E} = {7AB8F420-7C96-3941-A3A9-CC6C25403B3E}
	EndProjectSection
EndProject
Project("{8BC9CEB8-8B4A-11D0-8D11-00A0C91BC942}") = "ipc-util", "..\..\deps\ipc-util\ipc-util.vcxproj", "{34B8246E-F1AE-3628-8FD1-2EA944A1E492}"
	ProjectSection(ProjectDependencies) = postProject
		{7AB8F420-7C96-3941-A3A9-CC6C25403B3E} = {7AB8F420-7C96-3941-A3A9-CC6C25403B3E}
	EndProjectSection
EndProject
Project("{8BC9CEB8-8B4A-11D0-8D11-00A0C91BC942}") = "jansson", "..\..\deps\jansson\jansson.vcxproj", "{99AC3F0C-BF99-3C77-9579-D846EAF40EDB}"
	ProjectSection(ProjectDependencies) = postProject
		{7AB8F420-7C96-3941-A3A9-CC6C25403B3E} = {7AB8F420-7C96-3941-A3A9-CC6C25403B3E}
	EndProjectSection
EndProject
Project("{8BC9CEB8-8B4A-11D0-8D11-00A0C91BC942}") = "libobs", "..\..\libobs\libobs.vcxproj", "{789147C7-71CB-32EC-ADA0-887C6BBE9C38}"
	ProjectSection(ProjectDependencies) = postProject
		{7AB8F420-7C96-3941-A3A9-CC6C25403B3E} = {7AB8F420-7C96-3941-A3A9-CC6C25403B3E}
		{99AC3F0C-BF99-3C77-9579-D846EAF40EDB} = {99AC3F0C-BF99-3C77-9579-D846EAF40EDB}
		{9201F4B7-CCAA-34F3-93D3-F13032B05514} = {9201F4B7-CCAA-34F3-93D3-F13032B05514}
	EndProjectSection
EndProject
Project("{8BC9CEB8-8B4A-11D0-8D11-00A0C91BC942}") = "w32-pthreads", "..\..\deps\w32-pthreads\w32-pthreads.vcxproj", "{9201F4B7-CCAA-34F3-93D3-F13032B05514}"
	ProjectSection(ProjectDependencies) = postProject
		{7AB8F420-7C96-3941-A3A9-CC6C25403B3E} = {7AB8F420-7C96-3941-A3A9-CC6C25403B3E}
	EndProjectSection
EndProject
Project("{8BC9CEB8-8B4A-11D0-8D11-00A0C91BC942}") = "win-capture", "win-capture.vcxproj", "{A61D6CBE-F123-3749-99FB-60C9F9ADBA69}"
	ProjectSection(ProjectDependencies) = postProject
		{7AB8F420-7C96-3941-A3A9-CC6C25403B3E} = {7AB8F420-7C96-3941-A3A9-CC6C25403B3E}
		{34B8246E-F1AE-3628-8FD1-2EA944A1E492} = {34B8246E-F1AE-3628-8FD1-2EA944A1E492}
		{789147C7-71CB-32EC-ADA0-887C6BBE9C38} = {789147C7-71CB-32EC-ADA0-887C6BBE9C38}
	EndProjectSection
EndProject
Global
	GlobalSection(SolutionConfigurationPlatforms) = preSolution
		Debug|Win32 = Debug|Win32
		Release|Win32 = Release|Win32
		MinSizeRel|Win32 = MinSizeRel|Win32
		RelWithDebInfo|Win32 = RelWithDebInfo|Win32
	EndGlobalSection
	GlobalSection(ProjectConfigurationPlatforms) = postSolution
		{1E394330-77E7-390E-B8BD-95FF0C3DC138}.Debug|Win32.ActiveCfg = Debug|Win32
		{1E394330-77E7-390E-B8BD-95FF0C3DC138}.Debug|Win32.Build.0 = Debug|Win32
		{1E394330-77E7-390E-B8BD-95FF0C3DC138}.Release|Win32.ActiveCfg = Release|Win32
		{1E394330-77E7-390E-B8BD-95FF0C3DC138}.Release|Win32.Build.0 = Release|Win32
		{1E394330-77E7-390E-B8BD-95FF0C3DC138}.MinSizeRel|Win32.ActiveCfg = MinSizeRel|Win32
		{1E394330-77E7-390E-B8BD-95FF0C3DC138}.MinSizeRel|Win32.Build.0 = MinSizeRel|Win32
		{1E394330-77E7-390E-B8BD-95FF0C3DC138}.RelWithDebInfo|Win32.ActiveCfg = RelWithDebInfo|Win32
		{1E394330-77E7-390E-B8BD-95FF0C3DC138}.RelWithDebInfo|Win32.Build.0 = RelWithDebInfo|Win32
		{207065E8-D6F9-3EBA-B0B8-03C66670EE71}.Debug|Win32.ActiveCfg = Debug|Win32
		{207065E8-D6F9-3EBA-B0B8-03C66670EE71}.Release|Win32.ActiveCfg = Release|Win32
		{207065E8-D6F9-3EBA-B0B8-03C66670EE71}.MinSizeRel|Win32.ActiveCfg = MinSizeRel|Win32
		{207065E8-D6F9-3EBA-B0B8-03C66670EE71}.RelWithDebInfo|Win32.ActiveCfg = RelWithDebInfo|Win32
		{9350D409-3137-3074-8060-491BA771AA50}.Debug|Win32.ActiveCfg = Debug|Win32
		{9350D409-3137-3074-8060-491BA771AA50}.Release|Win32.ActiveCfg = Release|Win32
		{9350D409-3137-3074-8060-491BA771AA50}.MinSizeRel|Win32.ActiveCfg = MinSizeRel|Win32
		{9350D409-3137-3074-8060-491BA771AA50}.RelWithDebInfo|Win32.ActiveCfg = RelWithDebInfo|Win32
		{7AB8F420-7C96-3941-A3A9-CC6C25403B3E}.Debug|Win32.ActiveCfg = Debug|Win32
		{7AB8F420-7C96-3941-A3A9-CC6C25403B3E}.Debug|Win32.Build.0 = Debug|Win32
		{7AB8F420-7C96-3941-A3A9-CC6C25403B3E}.Release|Win32.ActiveCfg = Release|Win32
		{7AB8F420-7C96-3941-A3A9-CC6C25403B3E}.Release|Win32.Build.0 = Release|Win32
		{7AB8F420-7C96-3941-A3A9-CC6C25403B3E}.MinSizeRel|Win32.ActiveCfg = MinSizeRel|Win32
		{7AB8F420-7C96-3941-A3A9-CC6C25403B3E}.MinSizeRel|Win32.Build.0 = MinSizeRel|Win32
		{7AB8F420-7C96-3941-A3A9-CC6C25403B3E}.RelWithDebInfo|Win32.ActiveCfg = RelWithDebInfo|Win32
		{7AB8F420-7C96-3941-A3A9-CC6C25403B3E}.RelWithDebInfo|Win32.Build.0 = RelWithDebInfo|Win32
		{E3BEBF36-D970-3420-BA3E-060E7365BED8}.Debug|Win32.ActiveCfg = Debug|Win32
		{E3BEBF36-D970-3420-BA3E-060E7365BED8}.Debug|Win32.Build.0 = Debug|Win32
		{E3BEBF36-D970-3420-BA3E-060E7365BED8}.Release|Win32.ActiveCfg = Release|Win32
		{E3BEBF36-D970-3420-BA3E-060E7365BED8}.Release|Win32.Build.0 = Release|Win32
		{E3BEBF36-D970-3420-BA3E-060E7365BED8}.MinSizeRel|Win32.ActiveCfg = MinSizeRel|Win32
		{E3BEBF36-D970-3420-BA3E-060E7365BED8}.MinSizeRel|Win32.Build.0 = MinSizeRel|Win32
		{E3BEBF36-D970-3420-BA3E-060E7365BED8}.RelWithDebInfo|Win32.ActiveCfg = RelWithDebInfo|Win32
		{E3BEBF36-D970-3420-BA3E-060E7365BED8}.RelWithDebInfo|Win32.Build.0 = RelWithDebInfo|Win32
		{B7D598FD-7463-3A70-8CD5-0A1F7E1AD7F7}.Debug|Win32.ActiveCfg = Debug|Win32
		{B7D598FD-7463-3A70-8CD5-0A1F7E1AD7F7}.Debug|Win32.Build.0 = Debug|Win32
		{B7D598FD-7463-3A70-8CD5-0A1F7E1AD7F7}.Release|Win32.ActiveCfg = Release|Win32
		{B7D598FD-7463-3A70-8CD5-0A1F7E1AD7F7}.Release|Win32.Build.0 = Release|Win32
		{B7D598FD-7463-3A70-8CD5-0A1F7E1AD7F7}.MinSizeRel|Win32.ActiveCfg = MinSizeRel|Win32
		{B7D598FD-7463-3A70-8CD5-0A1F7E1AD7F7}.MinSizeRel|Win32.Build.0 = MinSizeRel|Win32
		{B7D598FD-7463-3A70-8CD5-0A1F7E1AD7F7}.RelWithDebInfo|Win32.ActiveCfg = RelWithDebInfo|Win32
		{B7D598FD-7463-3A70-8CD5-0A1F7E1AD7F7}.RelWithDebInfo|Win32.Build.0 = RelWithDebInfo|Win32
		{1AB34E56-F267-334D-BF5A-0B5EB65B83ED}.Debug|Win32.ActiveCfg = Debug|Win32
		{1AB34E56-F267-334D-BF5A-0B5EB65B83ED}.Debug|Win32.Build.0 = Debug|Win32
		{1AB34E56-F267-334D-BF5A-0B5EB65B83ED}.Release|Win32.ActiveCfg = Release|Win32
		{1AB34E56-F267-334D-BF5A-0B5EB65B83ED}.Release|Win32.Build.0 = Release|Win32
		{1AB34E56-F267-334D-BF5A-0B5EB65B83ED}.MinSizeRel|Win32.ActiveCfg = MinSizeRel|Win32
		{1AB34E56-F267-334D-BF5A-0B5EB65B83ED}.MinSizeRel|Win32.Build.0 = MinSizeRel|Win32
		{1AB34E56-F267-334D-BF5A-0B5EB65B83ED}.RelWithDebInfo|Win32.ActiveCfg = RelWithDebInfo|Win32
		{1AB34E56-F267-334D-BF5A-0B5EB65B83ED}.RelWithDebInfo|Win32.Build.0 = RelWithDebInfo|Win32
		{34B8246E-F1AE-3628-8FD1-2EA944A1E492}.Debug|Win32.ActiveCfg = Debug|Win32
		{34B8246E-F1AE-3628-8FD1-2EA944A1E492}.Debug|Win32.Build.0 = Debug|Win32
		{34B8246E-F1AE-3628-8FD1-2EA944A1E492}.Release|Win32.ActiveCfg = Release|Win32
		{34B8246E-F1AE-3628-8FD1-2EA944A1E492}.Release|Win32.Build.0 = Release|Win32
		{34B8246E-F1AE-3628-8FD1-2EA944A1E492}.MinSizeRel|Win32.ActiveCfg = MinSizeRel|Win32
		{34B8246E-F1AE-3628-8FD1-2EA944A1E492}.MinSizeRel|Win32.Build.0 = MinSizeRel|Win32
		{34B8246E-F1AE-3628-8FD1-2EA944A1E492}.RelWithDebInfo|Win32.ActiveCfg = RelWithDebInfo|Win32
		{34B8246E-F1AE-3628-8FD1-2EA944A1E492}.RelWithDebInfo|Win32.Build.0 = RelWithDebInfo|Win32
		{99AC3F0C-BF99-3C77-9579-D846EAF40EDB}.Debug|Win32.ActiveCfg = Debug|Win32
		{99AC3F0C-BF99-3C77-9579-D846EAF40EDB}.Debug|Win32.Build.0 = Debug|Win32
		{99AC3F0C-BF99-3C77-9579-D846EAF40EDB}.Release|Win32.ActiveCfg = Release|Win32
		{99AC3F0C-BF99-3C77-9579-D846EAF40EDB}.Release|Win32.Build.0 = Release|Win32
		{99AC3F0C-BF99-3C77-9579-D846EAF40EDB}.MinSizeRel|Win32.ActiveCfg = MinSizeRel|Win32
		{99AC3F0C-BF99-3C77-9579-D846EAF40EDB}.MinSizeRel|Win32.Build.0 = MinSizeRel|Win32
		{99AC3F0C-BF99-3C77-9579-D846EAF40EDB}.RelWithDebInfo|Win32.ActiveCfg = RelWithDebInfo|Win32
		{99AC3F0C-BF99-3C77-9579-D846EAF40EDB}.RelWithDebInfo|Win32.Build.0 = RelWithDebInfo|Win32
		{789147C7-71CB-32EC-ADA0-887C6BBE9C38}.Debug|Win32.ActiveCfg = Debug|Win32
		{789147C7-71CB-32EC-ADA0-887C6BBE9C38}.Debug|Win32.Build.0 = Debug|Win32
		{789147C7-71CB-32EC-ADA0-887C6BBE9C38}.Release|Win32.ActiveCfg = Release|Win32
		{789147C7-71CB-32EC-ADA0-887C6BBE9C38}.Release|Win32.Build.0 = Release|Win32
		{789147C7-71CB-32EC-ADA0-887C6BBE9C38}.MinSizeRel|Win32.ActiveCfg = MinSizeRel|Win32
		{789147C7-71CB-32EC-ADA0-887C6BBE9C38}.MinSizeRel|Win32.Build.0 = MinSizeRel|Win32
		{789147C7-71CB-32EC-ADA0-887C6BBE9C38}.RelWithDebInfo|Win32.ActiveCfg = RelWithDebInfo|Win32
		{789147C7-71CB-32EC-ADA0-887C6BBE9C38}.RelWithDebInfo|Win32.Build.0 = RelWithDebInfo|Win32
		{9201F4B7-CCAA-34F3-93D3-F13032B05514}.Debug|Win32.ActiveCfg = Debug|Win32
		{9201F4B7-CCAA-34F3-93D3-F13032B05514}.Debug|Win32.Build.0 = Debug|Win32
		{9201F4B7-CCAA-34F3-93D3-F13032B05514}.Release|Win32.ActiveCfg = Release|Win32
		{9201F4B7-CCAA-34F3-93D3-F13032B05514}.Release|Win32.Build.0 = Release|Win32
		{9201F4B7-CCAA-34F3-93D3-F13032B05514}.MinSizeRel|Win32.ActiveCfg = MinSizeRel|Win32
		{9201F4B7-CCAA-34F3-93D3-F13032B05514}.MinSizeRel|Win32.Build.0 = MinSizeRel|Win32
		{9201F4B7-CCAA-34F3-93D3-F13032B05514}.RelWithDebInfo|Win32.ActiveCfg = RelWithDebInfo|Win32
		{9201F4B7-CCAA-34F3-93D3-F13032B05514}.RelWithDebInfo|Win32.Build.0 = RelWithDebInfo|Win32
		{A61D6CBE-F123-3749-99FB-60C9F9ADBA69}.Debug|Win32.ActiveCfg = Debug|Win32
		{A61D6CBE-F123-3749-99FB-60C9F9ADBA69}.Debug|Win32.Build.0 = Debug|Win32
		{A61D6CBE-F123-3749-99FB-60C9F9ADBA69}.Release|Win32.ActiveCfg = Release|Win32
		{A61D6CBE-F123-3749-99FB-60C9F9ADBA69}.Release|Win32.Build.0 = Release|Win32
		{A61D6CBE-F123-3749-99FB-60C9F9ADBA69}.MinSizeRel|Win32.ActiveCfg = MinSizeRel|Win32
		{A61D6CBE-F123-3749-99FB-60C9F9ADBA69}.MinSizeRel|Win32.Build.0 = MinSizeRel|Win32
		{A61D6CBE-F123-3749-99FB-60C9F9ADBA69}.RelWithDebInfo|Win32.ActiveCfg = RelWithDebInfo|Win32
		{A61D6CBE-F123-3749-99FB-60C9F9ADBA69}.RelWithDebInfo|Win32.Build.0 = RelWithDebInfo|Win32
	EndGlobalSection
	GlobalSection(ExtensibilityGlobals) = postSolution
		SolutionGuid = {72EF1724-E310-3E0B-B549-F4588D02F489}
	EndGlobalSection
	GlobalSection(ExtensibilityAddIns) = postSolution
	EndGlobalSection
EndGlobal
