<?xml version="1.0" encoding="utf-8"?>
<Project ToolsVersion="12.0" xmlns="http://schemas.microsoft.com/developer/msbuild/2003">
  <ItemGroup>
    <CustomBuild Include="F:\obs\obs-vs2013\CMakeFiles\5fb8d0d43e501e2b7576890aef7d2868\PACKAGE_force.rule">
      <Filter>CMake Rules</Filter>
    </CustomBuild>
  </ItemGroup>
  <ItemGroup>
    <Filter Include="CMake Rules">
      <UniqueIdentifier>{8FFB584A-74BF-323E-BEA9-B2CA918017EC}</UniqueIdentifier>
    </Filter>
  </ItemGroup>
</Project>
