<?xml version="1.0" encoding="utf-8"?>
<Project ToolsVersion="12.0" xmlns="http://schemas.microsoft.com/developer/msbuild/2003">
  <ItemGroup>
    <ClCompile Include="F:\obs\obs-studio\libobs\callback\calldata.c">
      <Filter>callback\Source Files</Filter>
    </ClCompile>
    <ClCompile Include="F:\obs\obs-studio\libobs\callback\decl.c">
      <Filter>callback\Source Files</Filter>
    </ClCompile>
    <ClCompile Include="F:\obs\obs-studio\libobs\callback\signal.c">
      <Filter>callback\Source Files</Filter>
    </ClCompile>
    <ClCompile Include="F:\obs\obs-studio\libobs\callback\proc.c">
      <Filter>callback\Source Files</Filter>
    </ClCompile>
    <ClCompile Include="F:\obs\obs-studio\libobs\graphics\graphics-ffmpeg.c">
      <Filter>graphics\Source Files</Filter>
    </ClCompile>
    <ClCompile Include="F:\obs\obs-studio\libobs\graphics\quat.c">
      <Filter>graphics\Source Files</Filter>
    </ClCompile>
    <ClCompile Include="F:\obs\obs-studio\libobs\graphics\effect-parser.c">
      <Filter>graphics\Source Files</Filter>
    </ClCompile>
    <ClCompile Include="F:\obs\obs-studio\libobs\graphics\axisang.c">
      <Filter>graphics\Source Files</Filter>
    </ClCompile>
    <ClCompile Include="F:\obs\obs-studio\libobs\graphics\vec4.c">
      <Filter>graphics\Source Files</Filter>
    </ClCompile>
    <ClCompile Include="F:\obs\obs-studio\libobs\graphics\vec2.c">
      <Filter>graphics\Source Files</Filter>
    </ClCompile>
    <ClCompile Include="F:\obs\obs-studio\libobs\graphics\libnsgif\libnsgif.c">
      <Filter>graphics\Source Files</Filter>
    </ClCompile>
    <ClCompile Include="F:\obs\obs-studio\libobs\graphics\texture-render.c">
      <Filter>graphics\Source Files</Filter>
    </ClCompile>
    <ClCompile Include="F:\obs\obs-studio\libobs\graphics\image-file.c">
      <Filter>graphics\Source Files</Filter>
    </ClCompile>
    <ClCompile Include="F:\obs\obs-studio\libobs\graphics\bounds.c">
      <Filter>graphics\Source Files</Filter>
    </ClCompile>
    <ClCompile Include="F:\obs\obs-studio\libobs\graphics\matrix3.c">
      <Filter>graphics\Source Files</Filter>
    </ClCompile>
    <ClCompile Include="F:\obs\obs-studio\libobs\graphics\matrix4.c">
      <Filter>graphics\Source Files</Filter>
    </ClCompile>
    <ClCompile Include="F:\obs\obs-studio\libobs\graphics\vec3.c">
      <Filter>graphics\Source Files</Filter>
    </ClCompile>
    <ClCompile Include="F:\obs\obs-studio\libobs\graphics\graphics.c">
      <Filter>graphics\Source Files</Filter>
    </ClCompile>
    <ClCompile Include="F:\obs\obs-studio\libobs\graphics\shader-parser.c">
      <Filter>graphics\Source Files</Filter>
    </ClCompile>
    <ClCompile Include="F:\obs\obs-studio\libobs\graphics\plane.c">
      <Filter>graphics\Source Files</Filter>
    </ClCompile>
    <ClCompile Include="F:\obs\obs-studio\libobs\graphics\effect.c">
      <Filter>graphics\Source Files</Filter>
    </ClCompile>
    <ClCompile Include="F:\obs\obs-studio\libobs\graphics\math-extra.c">
      <Filter>graphics\Source Files</Filter>
    </ClCompile>
    <ClCompile Include="F:\obs\obs-studio\libobs\graphics\graphics-imports.c">
      <Filter>graphics\Source Files</Filter>
    </ClCompile>
    <ClCompile Include="F:\obs\obs-studio\libobs\media-io\video-io.c">
      <Filter>media-io\Source Files</Filter>
    </ClCompile>
    <ClCompile Include="F:\obs\obs-studio\libobs\media-io\video-fourcc.c">
      <Filter>media-io\Source Files</Filter>
    </ClCompile>
    <ClCompile Include="F:\obs\obs-studio\libobs\media-io\video-matrices.c">
      <Filter>media-io\Source Files</Filter>
    </ClCompile>
    <ClCompile Include="F:\obs\obs-studio\libobs\media-io\audio-io.c">
      <Filter>media-io\Source Files</Filter>
    </ClCompile>
    <ClCompile Include="F:\obs\obs-studio\libobs\media-io\video-frame.c">
      <Filter>media-io\Source Files</Filter>
    </ClCompile>
    <ClCompile Include="F:\obs\obs-studio\libobs\media-io\format-conversion.c">
      <Filter>media-io\Source Files</Filter>
    </ClCompile>
    <ClCompile Include="F:\obs\obs-studio\libobs\media-io\audio-resampler-ffmpeg.c">
      <Filter>media-io\Source Files</Filter>
    </ClCompile>
    <ClCompile Include="F:\obs\obs-studio\libobs\media-io\video-scaler-ffmpeg.c">
      <Filter>media-io\Source Files</Filter>
    </ClCompile>
    <ClCompile Include="F:\obs\obs-studio\libobs\media-io\media-remux.c">
      <Filter>media-io\Source Files</Filter>
    </ClCompile>
    <ClCompile Include="F:\obs\obs-studio\libobs\util\array-serializer.c">
      <Filter>util\Source Files</Filter>
    </ClCompile>
    <ClCompile Include="F:\obs\obs-studio\libobs\util\file-serializer.c">
      <Filter>util\Source Files</Filter>
    </ClCompile>
    <ClCompile Include="F:\obs\obs-studio\libobs\util\base.c">
      <Filter>util\Source Files</Filter>
    </ClCompile>
    <ClCompile Include="F:\obs\obs-studio\libobs\util\platform.c">
      <Filter>util\Source Files</Filter>
    </ClCompile>
    <ClCompile Include="F:\obs\obs-studio\libobs\util\cf-lexer.c">
      <Filter>util\Source Files</Filter>
    </ClCompile>
    <ClCompile Include="F:\obs\obs-studio\libobs\util\bmem.c">
      <Filter>util\Source Files</Filter>
    </ClCompile>
    <ClCompile Include="F:\obs\obs-studio\libobs\util\config-file.c">
      <Filter>util\Source Files</Filter>
    </ClCompile>
    <ClCompile Include="F:\obs\obs-studio\libobs\util\lexer.c">
      <Filter>util\Source Files</Filter>
    </ClCompile>
    <ClCompile Include="F:\obs\obs-studio\libobs\util\dstr.c">
      <Filter>util\Source Files</Filter>
    </ClCompile>
    <ClCompile Include="F:\obs\obs-studio\libobs\util\utf8.c">
      <Filter>util\Source Files</Filter>
    </ClCompile>
    <ClCompile Include="F:\obs\obs-studio\libobs\util\crc32.c">
      <Filter>util\Source Files</Filter>
    </ClCompile>
    <ClCompile Include="F:\obs\obs-studio\libobs\util\text-lookup.c">
      <Filter>util\Source Files</Filter>
    </ClCompile>
    <ClCompile Include="F:\obs\obs-studio\libobs\util\cf-parser.c">
      <Filter>util\Source Files</Filter>
    </ClCompile>
    <ClCompile Include="F:\obs\obs-studio\libobs\util\profiler.c">
      <Filter>util\Source Files</Filter>
    </ClCompile>
    <ClCompile Include="F:\obs\obs-studio\libobs\obs-win-crash-handler.c">
      <Filter>libobs\Source Files</Filter>
    </ClCompile>
    <ClCompile Include="F:\obs\obs-studio\libobs\obs-windows.c">
      <Filter>libobs\Source Files</Filter>
    </ClCompile>
    <ClCompile Include="F:\obs\obs-studio\libobs\util\threading-windows.c">
      <Filter>libobs\Source Files</Filter>
    </ClCompile>
    <ClCompile Include="F:\obs\obs-studio\libobs\util\pipe-windows.c">
      <Filter>libobs\Source Files</Filter>
    </ClCompile>
    <ClCompile Include="F:\obs\obs-studio\libobs\util\platform-windows.c">
      <Filter>libobs\Source Files</Filter>
    </ClCompile>
    <ClCompile Include="F:\obs\obs-studio\libobs\obs-audio-controls.c">
      <Filter>libobs\Source Files</Filter>
    </ClCompile>
    <ClCompile Include="F:\obs\obs-studio\libobs\obs-avc.c">
      <Filter>libobs\Source Files</Filter>
    </ClCompile>
    <ClCompile Include="F:\obs\obs-studio\libobs\obs-encoder.c">
      <Filter>libobs\Source Files</Filter>
    </ClCompile>
    <ClCompile Include="F:\obs\obs-studio\libobs\obs-service.c">
      <Filter>libobs\Source Files</Filter>
    </ClCompile>
    <ClCompile Include="F:\obs\obs-studio\libobs\obs-source.c">
      <Filter>libobs\Source Files</Filter>
    </ClCompile>
    <ClCompile Include="F:\obs\obs-studio\libobs\obs-source-deinterlace.c">
      <Filter>libobs\Source Files</Filter>
    </ClCompile>
    <ClCompile Include="F:\obs\obs-studio\libobs\obs-source-transition.c">
      <Filter>libobs\Source Files</Filter>
    </ClCompile>
    <ClCompile Include="F:\obs\obs-studio\libobs\obs-output.c">
      <Filter>libobs\Source Files</Filter>
    </ClCompile>
    <ClCompile Include="F:\obs\obs-studio\libobs\obs-output-delay.c">
      <Filter>libobs\Source Files</Filter>
    </ClCompile>
    <ClCompile Include="F:\obs\obs-studio\libobs\obs.c">
      <Filter>libobs\Source Files</Filter>
    </ClCompile>
    <ClCompile Include="F:\obs\obs-studio\libobs\obs-properties.c">
      <Filter>libobs\Source Files</Filter>
    </ClCompile>
    <ClCompile Include="F:\obs\obs-studio\libobs\obs-data.c">
      <Filter>libobs\Source Files</Filter>
    </ClCompile>
    <ClCompile Include="F:\obs\obs-studio\libobs\obs-hotkey.c">
      <Filter>libobs\Source Files</Filter>
    </ClCompile>
    <ClCompile Include="F:\obs\obs-studio\libobs\obs-hotkey-name-map.c">
      <Filter>libobs\Source Files</Filter>
    </ClCompile>
    <ClCompile Include="F:\obs\obs-studio\libobs\obs-module.c">
      <Filter>libobs\Source Files</Filter>
    </ClCompile>
    <ClCompile Include="F:\obs\obs-studio\libobs\obs-display.c">
      <Filter>libobs\Source Files</Filter>
    </ClCompile>
    <ClCompile Include="F:\obs\obs-studio\libobs\obs-view.c">
      <Filter>libobs\Source Files</Filter>
    </ClCompile>
    <ClCompile Include="F:\obs\obs-studio\libobs\obs-scene.c">
      <Filter>libobs\Source Files</Filter>
    </ClCompile>
    <ClCompile Include="F:\obs\obs-studio\libobs\obs-audio.c">
      <Filter>libobs\Source Files</Filter>
    </ClCompile>
    <ClCompile Include="F:\obs\obs-studio\libobs\obs-video.c">
      <Filter>libobs\Source Files</Filter>
    </ClCompile>
    <ClCompile Include="F:\obs\obs-studio\libobs\audio-monitoring\win32\wasapi-output.c">
      <Filter>audio-monitoring\Source Files</Filter>
    </ClCompile>
    <ClCompile Include="F:\obs\obs-studio\libobs\audio-monitoring\win32\wasapi-enum-devices.c">
      <Filter>audio-monitoring\Source Files</Filter>
    </ClCompile>
  </ItemGroup>
  <ItemGroup>
    <ClInclude Include="F:\obs\obs-vs2013\config\obsconfig.h">
      <Filter>Header Files</Filter>
    </ClInclude>
    <ClInclude Include="F:\obs\obs-studio\libobs\obs-config.h">
      <Filter>Header Files</Filter>
    </ClInclude>
    <ClInclude Include="F:\obs\obs-studio\libobs\callback\calldata.h">
      <Filter>callback\Header Files</Filter>
    </ClInclude>
    <ClInclude Include="F:\obs\obs-studio\libobs\callback\decl.h">
      <Filter>callback\Header Files</Filter>
    </ClInclude>
    <ClInclude Include="F:\obs\obs-studio\libobs\callback\proc.h">
      <Filter>callback\Header Files</Filter>
    </ClInclude>
    <ClInclude Include="F:\obs\obs-studio\libobs\callback\signal.h">
      <Filter>callback\Header Files</Filter>
    </ClInclude>
    <ClInclude Include="F:\obs\obs-studio\libobs\graphics\plane.h">
      <Filter>graphics\Header Files</Filter>
    </ClInclude>
    <ClInclude Include="F:\obs\obs-studio\libobs\graphics\quat.h">
      <Filter>graphics\Header Files</Filter>
    </ClInclude>
    <ClInclude Include="F:\obs\obs-studio\libobs\graphics\input.h">
      <Filter>graphics\Header Files</Filter>
    </ClInclude>
    <ClInclude Include="F:\obs\obs-studio\libobs\graphics\axisang.h">
      <Filter>graphics\Header Files</Filter>
    </ClInclude>
    <ClInclude Include="F:\obs\obs-studio\libobs\graphics\shader-parser.h">
      <Filter>graphics\Header Files</Filter>
    </ClInclude>
    <ClInclude Include="F:\obs\obs-studio\libobs\graphics\effect.h">
      <Filter>graphics\Header Files</Filter>
    </ClInclude>
    <ClInclude Include="F:\obs\obs-studio\libobs\graphics\math-defs.h">
      <Filter>graphics\Header Files</Filter>
    </ClInclude>
    <ClInclude Include="F:\obs\obs-studio\libobs\graphics\matrix4.h">
      <Filter>graphics\Header Files</Filter>
    </ClInclude>
    <ClInclude Include="F:\obs\obs-studio\libobs\graphics\graphics.h">
      <Filter>graphics\Header Files</Filter>
    </ClInclude>
    <ClInclude Include="F:\obs\obs-studio\libobs\graphics\graphics-internal.h">
      <Filter>graphics\Header Files</Filter>
    </ClInclude>
    <ClInclude Include="F:\obs\obs-studio\libobs\graphics\libnsgif\libnsgif.h">
      <Filter>graphics\Header Files</Filter>
    </ClInclude>
    <ClInclude Include="F:\obs\obs-studio\libobs\graphics\device-exports.h">
      <Filter>graphics\Header Files</Filter>
    </ClInclude>
    <ClInclude Include="F:\obs\obs-studio\libobs\graphics\image-file.h">
      <Filter>graphics\Header Files</Filter>
    </ClInclude>
    <ClInclude Include="F:\obs\obs-studio\libobs\graphics\vec2.h">
      <Filter>graphics\Header Files</Filter>
    </ClInclude>
    <ClInclude Include="F:\obs\obs-studio\libobs\graphics\vec4.h">
      <Filter>graphics\Header Files</Filter>
    </ClInclude>
    <ClInclude Include="F:\obs\obs-studio\libobs\graphics\matrix3.h">
      <Filter>graphics\Header Files</Filter>
    </ClInclude>
    <ClInclude Include="F:\obs\obs-studio\libobs\graphics\vec3.h">
      <Filter>graphics\Header Files</Filter>
    </ClInclude>
    <ClInclude Include="F:\obs\obs-studio\libobs\graphics\math-extra.h">
      <Filter>graphics\Header Files</Filter>
    </ClInclude>
    <ClInclude Include="F:\obs\obs-studio\libobs\graphics\bounds.h">
      <Filter>graphics\Header Files</Filter>
    </ClInclude>
    <ClInclude Include="F:\obs\obs-studio\libobs\graphics\effect-parser.h">
      <Filter>graphics\Header Files</Filter>
    </ClInclude>
    <ClInclude Include="F:\obs\obs-studio\libobs\media-io\media-io-defs.h">
      <Filter>media-io\Header Files</Filter>
    </ClInclude>
    <ClInclude Include="F:\obs\obs-studio\libobs\media-io\video-io.h">
      <Filter>media-io\Header Files</Filter>
    </ClInclude>
    <ClInclude Include="F:\obs\obs-studio\libobs\media-io\audio-io.h">
      <Filter>media-io\Header Files</Filter>
    </ClInclude>
    <ClInclude Include="F:\obs\obs-studio\libobs\media-io\audio-math.h">
      <Filter>media-io\Header Files</Filter>
    </ClInclude>
    <ClInclude Include="F:\obs\obs-studio\libobs\media-io\video-frame.h">
      <Filter>media-io\Header Files</Filter>
    </ClInclude>
    <ClInclude Include="F:\obs\obs-studio\libobs\media-io\format-conversion.h">
      <Filter>media-io\Header Files</Filter>
    </ClInclude>
    <ClInclude Include="F:\obs\obs-studio\libobs\media-io\audio-resampler.h">
      <Filter>media-io\Header Files</Filter>
    </ClInclude>
    <ClInclude Include="F:\obs\obs-studio\libobs\media-io\video-scaler.h">
      <Filter>media-io\Header Files</Filter>
    </ClInclude>
    <ClInclude Include="F:\obs\obs-studio\libobs\media-io\media-remux.h">
      <Filter>media-io\Header Files</Filter>
    </ClInclude>
    <ClInclude Include="F:\obs\obs-studio\libobs\media-io\frame-rate.h">
      <Filter>media-io\Header Files</Filter>
    </ClInclude>
    <ClInclude Include="F:\obs\obs-studio\libobs\util\array-serializer.h">
      <Filter>util\Header Files</Filter>
    </ClInclude>
    <ClInclude Include="F:\obs\obs-studio\libobs\util\file-serializer.h">
      <Filter>util\Header Files</Filter>
    </ClInclude>
    <ClInclude Include="F:\obs\obs-studio\libobs\util\utf8.h">
      <Filter>util\Header Files</Filter>
    </ClInclude>
    <ClInclude Include="F:\obs\obs-studio\libobs\util\crc32.h">
      <Filter>util\Header Files</Filter>
    </ClInclude>
    <ClInclude Include="F:\obs\obs-studio\libobs\util\base.h">
      <Filter>util\Header Files</Filter>
    </ClInclude>
    <ClInclude Include="F:\obs\obs-studio\libobs\util\text-lookup.h">
      <Filter>util\Header Files</Filter>
    </ClInclude>
    <ClInclude Include="F:\obs\obs-studio\libobs\util\vc\vc_inttypes.h">
      <Filter>util\Header Files</Filter>
    </ClInclude>
    <ClInclude Include="F:\obs\obs-studio\libobs\util\vc\vc_stdbool.h">
      <Filter>util\Header Files</Filter>
    </ClInclude>
    <ClInclude Include="F:\obs\obs-studio\libobs\util\vc\vc_stdint.h">
      <Filter>util\Header Files</Filter>
    </ClInclude>
    <ClInclude Include="F:\obs\obs-studio\libobs\util\bmem.h">
      <Filter>util\Header Files</Filter>
    </ClInclude>
    <ClInclude Include="F:\obs\obs-studio\libobs\util\c99defs.h">
      <Filter>util\Header Files</Filter>
    </ClInclude>
    <ClInclude Include="F:\obs\obs-studio\libobs\util\util_uint128.h">
      <Filter>util\Header Files</Filter>
    </ClInclude>
    <ClInclude Include="F:\obs\obs-studio\libobs\util\cf-parser.h">
      <Filter>util\Header Files</Filter>
    </ClInclude>
    <ClInclude Include="F:\obs\obs-studio\libobs\util\threading.h">
      <Filter>util\Header Files</Filter>
    </ClInclude>
    <ClInclude Include="F:\obs\obs-studio\libobs\util\pipe.h">
      <Filter>util\Header Files</Filter>
    </ClInclude>
    <ClInclude Include="F:\obs\obs-studio\libobs\util\cf-lexer.h">
      <Filter>util\Header Files</Filter>
    </ClInclude>
    <ClInclude Include="F:\obs\obs-studio\libobs\util\darray.h">
      <Filter>util\Header Files</Filter>
    </ClInclude>
    <ClInclude Include="F:\obs\obs-studio\libobs\util\circlebuf.h">
      <Filter>util\Header Files</Filter>
    </ClInclude>
    <ClInclude Include="F:\obs\obs-studio\libobs\util\dstr.h">
      <Filter>util\Header Files</Filter>
    </ClInclude>
    <ClInclude Include="F:\obs\obs-studio\libobs\util\serializer.h">
      <Filter>util\Header Files</Filter>
    </ClInclude>
    <ClInclude Include="F:\obs\obs-studio\libobs\util\config-file.h">
      <Filter>util\Header Files</Filter>
    </ClInclude>
    <ClInclude Include="F:\obs\obs-studio\libobs\util\lexer.h">
      <Filter>util\Header Files</Filter>
    </ClInclude>
    <ClInclude Include="F:\obs\obs-studio\libobs\util\platform.h">
      <Filter>util\Header Files</Filter>
    </ClInclude>
    <ClInclude Include="F:\obs\obs-studio\libobs\util\profiler.h">
      <Filter>util\Header Files</Filter>
    </ClInclude>
    <ClInclude Include="F:\obs\obs-studio\libobs\util\profiler.hpp">
      <Filter>util\Header Files</Filter>
    </ClInclude>
    <ClInclude Include="F:\obs\obs-studio\libobs\util\threading-windows.h">
      <Filter>libobs\Header Files</Filter>
    </ClInclude>
    <ClInclude Include="F:\obs\obs-studio\libobs\util\windows\win-version.h">
      <Filter>libobs\Header Files</Filter>
    </ClInclude>
    <ClInclude Include="F:\obs\obs-studio\libobs\util\windows\ComPtr.hpp">
      <Filter>libobs\Header Files</Filter>
    </ClInclude>
    <ClInclude Include="F:\obs\obs-studio\libobs\util\windows\CoTaskMemPtr.hpp">
      <Filter>libobs\Header Files</Filter>
    </ClInclude>
    <ClInclude Include="F:\obs\obs-studio\libobs\util\windows\HRError.hpp">
      <Filter>libobs\Header Files</Filter>
    </ClInclude>
    <ClInclude Include="F:\obs\obs-studio\libobs\util\windows\WinHandle.hpp">
      <Filter>libobs\Header Files</Filter>
    </ClInclude>
    <ClInclude Include="F:\obs\obs-studio\libobs\obs-audio-controls.h">
      <Filter>libobs\Header Files</Filter>
    </ClInclude>
    <ClInclude Include="F:\obs\obs-studio\libobs\obs-defs.h">
      <Filter>libobs\Header Files</Filter>
    </ClInclude>
    <ClInclude Include="F:\obs\obs-studio\libobs\obs-avc.h">
      <Filter>libobs\Header Files</Filter>
    </ClInclude>
    <ClInclude Include="F:\obs\obs-studio\libobs\obs-encoder.h">
      <Filter>libobs\Header Files</Filter>
    </ClInclude>
    <ClInclude Include="F:\obs\obs-studio\libobs\obs-service.h">
      <Filter>libobs\Header Files</Filter>
    </ClInclude>
    <ClInclude Include="F:\obs\obs-studio\libobs\obs-internal.h">
      <Filter>libobs\Header Files</Filter>
    </ClInclude>
    <ClInclude Include="F:\obs\obs-studio\libobs\obs.h">
      <Filter>libobs\Header Files</Filter>
    </ClInclude>
    <ClInclude Include="F:\obs\obs-studio\libobs\obs-ui.h">
      <Filter>libobs\Header Files</Filter>
    </ClInclude>
    <ClInclude Include="F:\obs\obs-studio\libobs\obs-properties.h">
      <Filter>libobs\Header Files</Filter>
    </ClInclude>
    <ClInclude Include="F:\obs\obs-studio\libobs\obs-data.h">
      <Filter>libobs\Header Files</Filter>
    </ClInclude>
    <ClInclude Include="F:\obs\obs-studio\libobs\obs-interaction.h">
      <Filter>libobs\Header Files</Filter>
    </ClInclude>
    <ClInclude Include="F:\obs\obs-studio\libobs\obs-hotkey.h">
      <Filter>libobs\Header Files</Filter>
    </ClInclude>
    <ClInclude Include="F:\obs\obs-studio\libobs\obs-hotkeys.h">
      <Filter>libobs\Header Files</Filter>
    </ClInclude>
    <ClInclude Include="F:\obs\obs-studio\libobs\obs-module.h">
      <Filter>libobs\Header Files</Filter>
    </ClInclude>
    <ClInclude Include="F:\obs\obs-studio\libobs\obs-scene.h">
      <Filter>libobs\Header Files</Filter>
    </ClInclude>
    <ClInclude Include="F:\obs\obs-studio\libobs\obs-source.h">
      <Filter>libobs\Header Files</Filter>
    </ClInclude>
    <ClInclude Include="F:\obs\obs-studio\libobs\obs-output.h">
      <Filter>libobs\Header Files</Filter>
    </ClInclude>
    <ClInclude Include="F:\obs\obs-studio\libobs\obs-ffmpeg-compat.h">
      <Filter>libobs\Header Files</Filter>
    </ClInclude>
    <ClInclude Include="F:\obs\obs-studio\libobs\obs.hpp">
      <Filter>libobs\Header Files</Filter>
    </ClInclude>
    <ClInclude Include="F:\obs\obs-studio\libobs\audio-monitoring\win32\wasapi-output.h">
      <Filter>audio-monitoring\Header Files</Filter>
    </ClInclude>
  </ItemGroup>
  <ItemGroup>
    <CustomBuild Include="F:\obs\obs-studio\libobs\CMakeLists.txt" />
  </ItemGroup>
  <ItemGroup>
    <Filter Include="Header Files">
      <UniqueIdentifier>{B453A4AD-0550-3729-B580-E4411E90A717}</UniqueIdentifier>
    </Filter>
    <Filter Include="audio-monitoring">
      <UniqueIdentifier>{EBF86C0F-4569-360F-BD42-F3D0DC1F9471}</UniqueIdentifier>
    </Filter>
    <Filter Include="audio-monitoring\Header Files">
      <UniqueIdentifier>{9E3BEDB1-4344-3EA4-BF72-5F1E2FEA53B9}</UniqueIdentifier>
    </Filter>
    <Filter Include="audio-monitoring\Source Files">
      <UniqueIdentifier>{E71BD36E-02B8-3C42-9689-3C5B7B381328}</UniqueIdentifier>
    </Filter>
    <Filter Include="callback">
      <UniqueIdentifier>{4221F4E8-A01F-38FA-AB8F-1CA5CAB6B244}</UniqueIdentifier>
    </Filter>
    <Filter Include="callback\Header Files">
      <UniqueIdentifier>{E6202A6C-E885-3D87-8C50-6AA98F2CFCA9}</UniqueIdentifier>
    </Filter>
    <Filter Include="callback\Source Files">
      <UniqueIdentifier>{7CEEA346-42A6-37FC-8FDA-AC232BA42D91}</UniqueIdentifier>
    </Filter>
    <Filter Include="graphics">
      <UniqueIdentifier>{D1BF9FC7-896A-31AC-A172-8DB02A3DBDE1}</UniqueIdentifier>
    </Filter>
    <Filter Include="graphics\Header Files">
      <UniqueIdentifier>{C8F789F2-171C-3DF1-8FE8-E2471CED20B0}</UniqueIdentifier>
    </Filter>
    <Filter Include="graphics\Source Files">
      <UniqueIdentifier>{576872F7-4AC3-3057-9EDC-81B2802FB5A8}</UniqueIdentifier>
    </Filter>
    <Filter Include="libobs">
      <UniqueIdentifier>{763ABD2E-40EF-3752-81CC-3EF39D0BC4C4}</UniqueIdentifier>
    </Filter>
    <Filter Include="libobs\Header Files">
      <UniqueIdentifier>{900F8AE8-CE39-3EB6-8B69-D6B5851EAD71}</UniqueIdentifier>
    </Filter>
    <Filter Include="libobs\Source Files">
      <UniqueIdentifier>{B8C2C65F-5D4D-390E-8F4D-82AD08AFF9DD}</UniqueIdentifier>
    </Filter>
    <Filter Include="media-io">
      <UniqueIdentifier>{42AD0331-470D-30E4-B83F-0DBBCC736860}</UniqueIdentifier>
    </Filter>
    <Filter Include="media-io\Header Files">
      <UniqueIdentifier>{7089BE83-FC3B-341E-AA53-55630FA1909F}</UniqueIdentifier>
    </Filter>
    <Filter Include="media-io\Source Files">
      <UniqueIdentifier>{A9DE943F-CFE0-3A5A-A39A-88904BC3FB70}</UniqueIdentifier>
    </Filter>
    <Filter Include="util">
      <UniqueIdentifier>{354E5AAB-0FE3-3B79-86F3-FF4CF1B6FFFA}</UniqueIdentifier>
    </Filter>
    <Filter Include="util\Header Files">
      <UniqueIdentifier>{C2CFF1EC-E54E-3D12-B778-633E42E76192}</UniqueIdentifier>
    </Filter>
    <Filter Include="util\Source Files">
      <UniqueIdentifier>{59329620-EEFC-38A4-B948-1C53C0445325}</UniqueIdentifier>
    </Filter>
  </ItemGroup>
</Project>
